
Microsoft Visual Studio Solution File, Format Version 12.00
# Visual Studio Version 17
VisualStudioVersion = 17.11.35327.3
MinimumVisualStudioVersion = 10.0.40219.1
Project("{FAE04EC0-301F-11D3-BF4B-00C04F79EFBC}") = "УПРАЖНЕНИЕ с НАЗЪБЕНИ и ДВУМЕРНИ МАСИВИ", "УПРАЖНЕНИЕ с НАЗЪБЕНИ и ДВУМЕРНИ МАСИВИ\УПРАЖНЕНИЕ с НАЗЪБЕНИ и ДВУМЕРНИ МАСИВИ.csproj", "{1E09BE10-6705-425D-836C-E70D14F31691}"
EndProject
Global
	GlobalSection(SolutionConfigurationPlatforms) = preSolution
		Debug|Any CPU = Debug|Any CPU
		Release|Any CPU = Release|Any CPU
	EndGlobalSection
	GlobalSection(ProjectConfigurationPlatforms) = postSolution
		{1E09BE10-6705-425D-836C-E70D14F31691}.Debug|Any CPU.ActiveCfg = Debug|Any CPU
		{1E09BE10-6705-425D-836C-E70D14F31691}.Debug|Any CPU.Build.0 = Debug|Any CPU
		{1E09BE10-6705-425D-836C-E70D14F31691}.Release|Any CPU.ActiveCfg = Release|Any CPU
		{1E09BE10-6705-425D-836C-E70D14F31691}.Release|Any CPU.Build.0 = Release|Any CPU
	EndGlobalSection
	GlobalSection(SolutionProperties) = preSolution
		HideSolutionNode = FALSE
	EndGlobalSection
	GlobalSection(ExtensibilityGlobals) = postSolution
		SolutionGuid = {73E63CDF-A611-4455-AFA6-B84A980D5862}
	EndGlobalSection
EndGlobal
