
Microsoft Visual Studio Solution File, Format Version 12.00
# Visual Studio Version 17
VisualStudioVersion = 17.11.35327.3
MinimumVisualStudioVersion = 10.0.40219.1
Project("{FAE04EC0-301F-11D3-BF4B-00C04F79EFBC}") = "стек", "стек\стек.csproj", "{2C49361C-E8BA-4483-BFE5-3F8986283FCD}"
EndProject
Global
	GlobalSection(SolutionConfigurationPlatforms) = preSolution
		Debug|Any CPU = Debug|Any CPU
		Release|Any CPU = Release|Any CPU
	EndGlobalSection
	GlobalSection(ProjectConfigurationPlatforms) = postSolution
		{2C49361C-E8BA-4483-BFE5-3F8986283FCD}.Debug|Any CPU.ActiveCfg = Debug|Any CPU
		{2C49361C-E8BA-4483-BFE5-3F8986283FCD}.Debug|Any CPU.Build.0 = Debug|Any CPU
		{2C49361C-E8BA-4483-BFE5-3F8986283FCD}.Release|Any CPU.ActiveCfg = Release|Any CPU
		{2C49361C-E8BA-4483-BFE5-3F8986283FCD}.Release|Any CPU.Build.0 = Release|Any CPU
	EndGlobalSection
	GlobalSection(SolutionProperties) = preSolution
		HideSolutionNode = FALSE
	EndGlobalSection
	GlobalSection(ExtensibilityGlobals) = postSolution
		SolutionGuid = {C68276C7-D40E-459C-9E9B-91427CCE6710}
	EndGlobalSection
EndGlobal
