
Microsoft Visual Studio Solution File, Format Version 12.00
# Visual Studio Version 17
VisualStudioVersion = 17.11.35327.3
MinimumVisualStudioVersion = 10.0.40219.1
Project("{FAE04EC0-301F-11D3-BF4B-00C04F79EFBC}") = "Практическа задача ArrayList", "Практическа задача ArrayList\Практическа задача ArrayList.csproj", "{87D5242F-6B3A-4B91-875F-1EA9154AE928}"
EndProject
Global
	GlobalSection(SolutionConfigurationPlatforms) = preSolution
		Debug|Any CPU = Debug|Any CPU
		Release|Any CPU = Release|Any CPU
	EndGlobalSection
	GlobalSection(ProjectConfigurationPlatforms) = postSolution
		{87D5242F-6B3A-4B91-875F-1EA9154AE928}.Debug|Any CPU.ActiveCfg = Debug|Any CPU
		{87D5242F-6B3A-4B91-875F-1EA9154AE928}.Debug|Any CPU.Build.0 = Debug|Any CPU
		{87D5242F-6B3A-4B91-875F-1EA9154AE928}.Release|Any CPU.ActiveCfg = Release|Any CPU
		{87D5242F-6B3A-4B91-875F-1EA9154AE928}.Release|Any CPU.Build.0 = Release|Any CPU
	EndGlobalSection
	GlobalSection(SolutionProperties) = preSolution
		HideSolutionNode = FALSE
	EndGlobalSection
	GlobalSection(ExtensibilityGlobals) = postSolution
		SolutionGuid = {7934EE68-683D-4639-B898-0F4AB06E964E}
	EndGlobalSection
EndGlobal
